
Microsoft Visual Studio Solution File, Format Version 12.00
# Visual Studio Version 16
VisualStudioVersion = 16.0.34114.132
MinimumVisualStudioVersion = 10.0.40219.1
Project("{FAE04EC0-301F-11D3-BF4B-00C04F79EFBC}") = "MVC_Core", "MVC_Core.csproj", "{CE8EFC16-28C8-46B4-9371-7E11DA98AFF9}"
EndProject
Global
	GlobalSection(SolutionConfigurationPlatforms) = preSolution
		Debug|Any CPU = Debug|Any CPU
		Release|Any CPU = Release|Any CPU
	EndGlobalSection
	GlobalSection(ProjectConfigurationPlatforms) = postSolution
		{CE8EFC16-28C8-46B4-9371-7E11DA98AFF9}.Debug|Any CPU.ActiveCfg = Debug|Any CPU
		{CE8EFC16-28C8-46B4-9371-7E11DA98AFF9}.Debug|Any CPU.Build.0 = Debug|Any CPU
		{CE8EFC16-28C8-46B4-9371-7E11DA98AFF9}.Release|Any CPU.ActiveCfg = Release|Any CPU
		{CE8EFC16-28C8-46B4-9371-7E11DA98AFF9}.Release|Any CPU.Build.0 = Release|Any CPU
	EndGlobalSection
	GlobalSection(SolutionProperties) = preSolution
		HideSolutionNode = FALSE
	EndGlobalSection
	GlobalSection(ExtensibilityGlobals) = postSolution
		SolutionGuid = {928F6F09-7AA4-4392-9756-25A2322A864A}
	EndGlobalSection
EndGlobal
